
Microsoft Visual Studio Solution File, Format Version 12.00
# Visual Studio Version 16
VisualStudioVersion = 16.0.29920.165
MinimumVisualStudioVersion = 10.0.40219.1
Project("{FAE04EC0-301F-11D3-BF4B-00C04F79EFBC}") = "FireForget", "FireForget\FireForget.csproj", "{5A96B86F-51FD-44CC-8585-543A1D7617B0}"
EndProject
Project("{FAE04EC0-301F-11D3-BF4B-00C04F79EFBC}") = "LibraryTask", "LibraryTask\LibraryTask.csproj", "{1E11E797-3F68-4810-A79F-739980C0436D}"
EndProject
Global
	GlobalSection(SolutionConfigurationPlatforms) = preSolution
		Debug|Any CPU = Debug|Any CPU
		Release|Any CPU = Release|Any CPU
	EndGlobalSection
	GlobalSection(ProjectConfigurationPlatforms) = postSolution
		{5A96B86F-51FD-44CC-8585-543A1D7617B0}.Debug|Any CPU.ActiveCfg = Debug|Any CPU
		{5A96B86F-51FD-44CC-8585-543A1D7617B0}.Debug|Any CPU.Build.0 = Debug|Any CPU
		{5A96B86F-51FD-44CC-8585-543A1D7617B0}.Release|Any CPU.ActiveCfg = Release|Any CPU
		{5A96B86F-51FD-44CC-8585-543A1D7617B0}.Release|Any CPU.Build.0 = Release|Any CPU
		{1E11E797-3F68-4810-A79F-739980C0436D}.Debug|Any CPU.ActiveCfg = Debug|Any CPU
		{1E11E797-3F68-4810-A79F-739980C0436D}.Debug|Any CPU.Build.0 = Debug|Any CPU
		{1E11E797-3F68-4810-A79F-739980C0436D}.Release|Any CPU.ActiveCfg = Release|Any CPU
		{1E11E797-3F68-4810-A79F-739980C0436D}.Release|Any CPU.Build.0 = Release|Any CPU
	EndGlobalSection
	GlobalSection(SolutionProperties) = preSolution
		HideSolutionNode = FALSE
	EndGlobalSection
	GlobalSection(ExtensibilityGlobals) = postSolution
		SolutionGuid = {5F4A20D9-4CC8-43DE-A095-97FAFE63D04F}
	EndGlobalSection
EndGlobal
